
Microsoft Visual Studio Solution File, Format Version 12.00
# Visual Studio 14
VisualStudioVersion = 14.0.25420.1
MinimumVisualStudioVersion = 10.0.40219.1
Project("{FAE04EC0-301F-11D3-BF4B-00C04F79EFBC}") = "CarMaintain", "CarMaintain\CarMaintain.csproj", "{0FC7C714-3227-4277-ADB2-937D85B888EF}"
EndProject
Project("{FAE04EC0-301F-11D3-BF4B-00C04F79EFBC}") = "CarMaintainCommon", "CarMaintainCommon\CarMaintainCommon.csproj", "{B498CAAC-871E-41F4-9C8E-A49356BDDB32}"
EndProject
Project("{FAE04EC0-301F-11D3-BF4B-00C04F79EFBC}") = "CarMaintainDAL", "CarMaintainDAL\CarMaintainDAL.csproj", "{47BC2032-758B-4240-BB1D-A32EDA0D407B}"
EndProject
Project("{FAE04EC0-301F-11D3-BF4B-00C04F79EFBC}") = "CarMaintainBLL", "CarMaintainBLL\CarMaintainBLL.csproj", "{EF5B9A06-1B64-4EC9-B84F-753ADDDFBFD3}"
EndProject
Project("{FAE04EC0-301F-11D3-BF4B-00C04F79EFBC}") = "CarMaintainModels", "CarMaintainModels\CarMaintainModels.csproj", "{8900AFEF-ED80-4902-BEA4-AED283B557D0}"
EndProject
Project("{262852C6-CD72-467D-83FE-5EEB1973A190}") = "MaChangZhangApp", "..\..\..\PersonalWork\CarMaintain\CarMaintain\MaChangZhangApp\MaChangZhangApp.jsproj", "{2385DDEC-E58A-47B4-A6F5-617D435AC268}"
EndProject
Global
	GlobalSection(SolutionConfigurationPlatforms) = preSolution
		Debug|Android = Debug|Android
		Debug|Any CPU = Debug|Any CPU
		Debug|iOS = Debug|iOS
		Debug|Windows Phone (Universal) = Debug|Windows Phone (Universal)
		Debug|Windows Phone 8 = Debug|Windows Phone 8
		Debug|Windows-AnyCPU = Debug|Windows-AnyCPU
		Debug|Windows-ARM = Debug|Windows-ARM
		Debug|Windows-x64 = Debug|Windows-x64
		Debug|Windows-x86 = Debug|Windows-x86
		Release|Android = Release|Android
		Release|Any CPU = Release|Any CPU
		Release|iOS = Release|iOS
		Release|Windows Phone (Universal) = Release|Windows Phone (Universal)
		Release|Windows Phone 8 = Release|Windows Phone 8
		Release|Windows-AnyCPU = Release|Windows-AnyCPU
		Release|Windows-ARM = Release|Windows-ARM
		Release|Windows-x64 = Release|Windows-x64
		Release|Windows-x86 = Release|Windows-x86
	EndGlobalSection
	GlobalSection(ProjectConfigurationPlatforms) = postSolution
		{0FC7C714-3227-4277-ADB2-937D85B888EF}.Debug|Android.ActiveCfg = Debug|Any CPU
		{0FC7C714-3227-4277-ADB2-937D85B888EF}.Debug|Android.Build.0 = Debug|Any CPU
		{0FC7C714-3227-4277-ADB2-937D85B888EF}.Debug|Any CPU.ActiveCfg = Debug|Any CPU
		{0FC7C714-3227-4277-ADB2-937D85B888EF}.Debug|Any CPU.Build.0 = Debug|Any CPU
		{0FC7C714-3227-4277-ADB2-937D85B888EF}.Debug|iOS.ActiveCfg = Debug|Any CPU
		{0FC7C714-3227-4277-ADB2-937D85B888EF}.Debug|iOS.Build.0 = Debug|Any CPU
		{0FC7C714-3227-4277-ADB2-937D85B888EF}.Debug|Windows Phone (Universal).ActiveCfg = Debug|Any CPU
		{0FC7C714-3227-4277-ADB2-937D85B888EF}.Debug|Windows Phone (Universal).Build.0 = Debug|Any CPU
		{0FC7C714-3227-4277-ADB2-937D85B888EF}.Debug|Windows Phone 8.ActiveCfg = Debug|Any CPU
		{0FC7C714-3227-4277-ADB2-937D85B888EF}.Debug|Windows Phone 8.Build.0 = Debug|Any CPU
		{0FC7C714-3227-4277-ADB2-937D85B888EF}.Debug|Windows-AnyCPU.ActiveCfg = Debug|Any CPU
		{0FC7C714-3227-4277-ADB2-937D85B888EF}.Debug|Windows-AnyCPU.Build.0 = Debug|Any CPU
		{0FC7C714-3227-4277-ADB2-937D85B888EF}.Debug|Windows-ARM.ActiveCfg = Debug|Any CPU
		{0FC7C714-3227-4277-ADB2-937D85B888EF}.Debug|Windows-ARM.Build.0 = Debug|Any CPU
		{0FC7C714-3227-4277-ADB2-937D85B888EF}.Debug|Windows-x64.ActiveCfg = Debug|Any CPU
		{0FC7C714-3227-4277-ADB2-937D85B888EF}.Debug|Windows-x64.Build.0 = Debug|Any CPU
		{0FC7C714-3227-4277-ADB2-937D85B888EF}.Debug|Windows-x86.ActiveCfg = Debug|Any CPU
		{0FC7C714-3227-4277-ADB2-937D85B888EF}.Debug|Windows-x86.Build.0 = Debug|Any CPU
		{0FC7C714-3227-4277-ADB2-937D85B888EF}.Release|Android.ActiveCfg = Release|Any CPU
		{0FC7C714-3227-4277-ADB2-937D85B888EF}.Release|Android.Build.0 = Release|Any CPU
		{0FC7C714-3227-4277-ADB2-937D85B888EF}.Release|Any CPU.ActiveCfg = Release|Any CPU
		{0FC7C714-3227-4277-ADB2-937D85B888EF}.Release|Any CPU.Build.0 = Release|Any CPU
		{0FC7C714-3227-4277-ADB2-937D85B888EF}.Release|iOS.ActiveCfg = Release|Any CPU
		{0FC7C714-3227-4277-ADB2-937D85B888EF}.Release|iOS.Build.0 = Release|Any CPU
		{0FC7C714-3227-4277-ADB2-937D85B888EF}.Release|Windows Phone (Universal).ActiveCfg = Release|Any CPU
		{0FC7C714-3227-4277-ADB2-937D85B888EF}.Release|Windows Phone (Universal).Build.0 = Release|Any CPU
		{0FC7C714-3227-4277-ADB2-937D85B888EF}.Release|Windows Phone 8.ActiveCfg = Release|Any CPU
		{0FC7C714-3227-4277-ADB2-937D85B888EF}.Release|Windows Phone 8.Build.0 = Release|Any CPU
		{0FC7C714-3227-4277-ADB2-937D85B888EF}.Release|Windows-AnyCPU.ActiveCfg = Release|Any CPU
		{0FC7C714-3227-4277-ADB2-937D85B888EF}.Release|Windows-AnyCPU.Build.0 = Release|Any CPU
		{0FC7C714-3227-4277-ADB2-937D85B888EF}.Release|Windows-ARM.ActiveCfg = Release|Any CPU
		{0FC7C714-3227-4277-ADB2-937D85B888EF}.Release|Windows-ARM.Build.0 = Release|Any CPU
		{0FC7C714-3227-4277-ADB2-937D85B888EF}.Release|Windows-x64.ActiveCfg = Release|Any CPU
		{0FC7C714-3227-4277-ADB2-937D85B888EF}.Release|Windows-x64.Build.0 = Release|Any CPU
		{0FC7C714-3227-4277-ADB2-937D85B888EF}.Release|Windows-x86.ActiveCfg = Release|Any CPU
		{0FC7C714-3227-4277-ADB2-937D85B888EF}.Release|Windows-x86.Build.0 = Release|Any CPU
		{B498CAAC-871E-41F4-9C8E-A49356BDDB32}.Debug|Android.ActiveCfg = Debug|Any CPU
		{B498CAAC-871E-41F4-9C8E-A49356BDDB32}.Debug|Android.Build.0 = Debug|Any CPU
		{B498CAAC-871E-41F4-9C8E-A49356BDDB32}.Debug|Any CPU.ActiveCfg = Debug|Any CPU
		{B498CAAC-871E-41F4-9C8E-A49356BDDB32}.Debug|Any CPU.Build.0 = Debug|Any CPU
		{B498CAAC-871E-41F4-9C8E-A49356BDDB32}.Debug|iOS.ActiveCfg = Debug|Any CPU
		{B498CAAC-871E-41F4-9C8E-A49356BDDB32}.Debug|iOS.Build.0 = Debug|Any CPU
		{B498CAAC-871E-41F4-9C8E-A49356BDDB32}.Debug|Windows Phone (Universal).ActiveCfg = Debug|Any CPU
		{B498CAAC-871E-41F4-9C8E-A49356BDDB32}.Debug|Windows Phone (Universal).Build.0 = Debug|Any CPU
		{B498CAAC-871E-41F4-9C8E-A49356BDDB32}.Debug|Windows Phone 8.ActiveCfg = Debug|Any CPU
		{B498CAAC-871E-41F4-9C8E-A49356BDDB32}.Debug|Windows Phone 8.Build.0 = Debug|Any CPU
		{B498CAAC-871E-41F4-9C8E-A49356BDDB32}.Debug|Windows-AnyCPU.ActiveCfg = Debug|Any CPU
		{B498CAAC-871E-41F4-9C8E-A49356BDDB32}.Debug|Windows-AnyCPU.Build.0 = Debug|Any CPU
		{B498CAAC-871E-41F4-9C8E-A49356BDDB32}.Debug|Windows-ARM.ActiveCfg = Debug|Any CPU
		{B498CAAC-871E-41F4-9C8E-A49356BDDB32}.Debug|Windows-ARM.Build.0 = Debug|Any CPU
		{B498CAAC-871E-41F4-9C8E-A49356BDDB32}.Debug|Windows-x64.ActiveCfg = Debug|Any CPU
		{B498CAAC-871E-41F4-9C8E-A49356BDDB32}.Debug|Windows-x64.Build.0 = Debug|Any CPU
		{B498CAAC-871E-41F4-9C8E-A49356BDDB32}.Debug|Windows-x86.ActiveCfg = Debug|Any CPU
		{B498CAAC-871E-41F4-9C8E-A49356BDDB32}.Debug|Windows-x86.Build.0 = Debug|Any CPU
		{B498CAAC-871E-41F4-9C8E-A49356BDDB32}.Release|Android.ActiveCfg = Release|Any CPU
		{B498CAAC-871E-41F4-9C8E-A49356BDDB32}.Release|Android.Build.0 = Release|Any CPU
		{B498CAAC-871E-41F4-9C8E-A49356BDDB32}.Release|Any CPU.ActiveCfg = Release|Any CPU
		{B498CAAC-871E-41F4-9C8E-A49356BDDB32}.Release|Any CPU.Build.0 = Release|Any CPU
		{B498CAAC-871E-41F4-9C8E-A49356BDDB32}.Release|iOS.ActiveCfg = Release|Any CPU
		{B498CAAC-871E-41F4-9C8E-A49356BDDB32}.Release|iOS.Build.0 = Release|Any CPU
		{B498CAAC-871E-41F4-9C8E-A49356BDDB32}.Release|Windows Phone (Universal).ActiveCfg = Release|Any CPU
		{B498CAAC-871E-41F4-9C8E-A49356BDDB32}.Release|Windows Phone (Universal).Build.0 = Release|Any CPU
		{B498CAAC-871E-41F4-9C8E-A49356BDDB32}.Release|Windows Phone 8.ActiveCfg = Release|Any CPU
		{B498CAAC-871E-41F4-9C8E-A49356BDDB32}.Release|Windows Phone 8.Build.0 = Release|Any CPU
		{B498CAAC-871E-41F4-9C8E-A49356BDDB32}.Release|Windows-AnyCPU.ActiveCfg = Release|Any CPU
		{B498CAAC-871E-41F4-9C8E-A49356BDDB32}.Release|Windows-AnyCPU.Build.0 = Release|Any CPU
		{B498CAAC-871E-41F4-9C8E-A49356BDDB32}.Release|Windows-ARM.ActiveCfg = Release|Any CPU
		{B498CAAC-871E-41F4-9C8E-A49356BDDB32}.Release|Windows-ARM.Build.0 = Release|Any CPU
		{B498CAAC-871E-41F4-9C8E-A49356BDDB32}.Release|Windows-x64.ActiveCfg = Release|Any CPU
		{B498CAAC-871E-41F4-9C8E-A49356BDDB32}.Release|Windows-x64.Build.0 = Release|Any CPU
		{B498CAAC-871E-41F4-9C8E-A49356BDDB32}.Release|Windows-x86.ActiveCfg = Release|Any CPU
		{B498CAAC-871E-41F4-9C8E-A49356BDDB32}.Release|Windows-x86.Build.0 = Release|Any CPU
		{47BC2032-758B-4240-BB1D-A32EDA0D407B}.Debug|Android.ActiveCfg = Debug|Any CPU
		{47BC2032-758B-4240-BB1D-A32EDA0D407B}.Debug|Android.Build.0 = Debug|Any CPU
		{47BC2032-758B-4240-BB1D-A32EDA0D407B}.Debug|Any CPU.ActiveCfg = Debug|Any CPU
		{47BC2032-758B-4240-BB1D-A32EDA0D407B}.Debug|Any CPU.Build.0 = Debug|Any CPU
		{47BC2032-758B-4240-BB1D-A32EDA0D407B}.Debug|iOS.ActiveCfg = Debug|Any CPU
		{47BC2032-758B-4240-BB1D-A32EDA0D407B}.Debug|iOS.Build.0 = Debug|Any CPU
		{47BC2032-758B-4240-BB1D-A32EDA0D407B}.Debug|Windows Phone (Universal).ActiveCfg = Debug|Any CPU
		{47BC2032-758B-4240-BB1D-A32EDA0D407B}.Debug|Windows Phone (Universal).Build.0 = Debug|Any CPU
		{47BC2032-758B-4240-BB1D-A32EDA0D407B}.Debug|Windows Phone 8.ActiveCfg = Debug|Any CPU
		{47BC2032-758B-4240-BB1D-A32EDA0D407B}.Debug|Windows Phone 8.Build.0 = Debug|Any CPU
		{47BC2032-758B-4240-BB1D-A32EDA0D407B}.Debug|Windows-AnyCPU.ActiveCfg = Debug|Any CPU
		{47BC2032-758B-4240-BB1D-A32EDA0D407B}.Debug|Windows-AnyCPU.Build.0 = Debug|Any CPU
		{47BC2032-758B-4240-BB1D-A32EDA0D407B}.Debug|Windows-ARM.ActiveCfg = Debug|Any CPU
		{47BC2032-758B-4240-BB1D-A32EDA0D407B}.Debug|Windows-ARM.Build.0 = Debug|Any CPU
		{47BC2032-758B-4240-BB1D-A32EDA0D407B}.Debug|Windows-x64.ActiveCfg = Debug|Any CPU
		{47BC2032-758B-4240-BB1D-A32EDA0D407B}.Debug|Windows-x64.Build.0 = Debug|Any CPU
		{47BC2032-758B-4240-BB1D-A32EDA0D407B}.Debug|Windows-x86.ActiveCfg = Debug|Any CPU
		{47BC2032-758B-4240-BB1D-A32EDA0D407B}.Debug|Windows-x86.Build.0 = Debug|Any CPU
		{47BC2032-758B-4240-BB1D-A32EDA0D407B}.Release|Android.ActiveCfg = Release|Any CPU
		{47BC2032-758B-4240-BB1D-A32EDA0D407B}.Release|Android.Build.0 = Release|Any CPU
		{47BC2032-758B-4240-BB1D-A32EDA0D407B}.Release|Any CPU.ActiveCfg = Release|Any CPU
		{47BC2032-758B-4240-BB1D-A32EDA0D407B}.Release|Any CPU.Build.0 = Release|Any CPU
		{47BC2032-758B-4240-BB1D-A32EDA0D407B}.Release|iOS.ActiveCfg = Release|Any CPU
		{47BC2032-758B-4240-BB1D-A32EDA0D407B}.Release|iOS.Build.0 = Release|Any CPU
		{47BC2032-758B-4240-BB1D-A32EDA0D407B}.Release|Windows Phone (Universal).ActiveCfg = Release|Any CPU
		{47BC2032-758B-4240-BB1D-A32EDA0D407B}.Release|Windows Phone (Universal).Build.0 = Release|Any CPU
		{47BC2032-758B-4240-BB1D-A32EDA0D407B}.Release|Windows Phone 8.ActiveCfg = Release|Any CPU
		{47BC2032-758B-4240-BB1D-A32EDA0D407B}.Release|Windows Phone 8.Build.0 = Release|Any CPU
		{47BC2032-758B-4240-BB1D-A32EDA0D407B}.Release|Windows-AnyCPU.ActiveCfg = Release|Any CPU
		{47BC2032-758B-4240-BB1D-A32EDA0D407B}.Release|Windows-AnyCPU.Build.0 = Release|Any CPU
		{47BC2032-758B-4240-BB1D-A32EDA0D407B}.Release|Windows-ARM.ActiveCfg = Release|Any CPU
		{47BC2032-758B-4240-BB1D-A32EDA0D407B}.Release|Windows-ARM.Build.0 = Release|Any CPU
		{47BC2032-758B-4240-BB1D-A32EDA0D407B}.Release|Windows-x64.ActiveCfg = Release|Any CPU
		{47BC2032-758B-4240-BB1D-A32EDA0D407B}.Release|Windows-x64.Build.0 = Release|Any CPU
		{47BC2032-758B-4240-BB1D-A32EDA0D407B}.Release|Windows-x86.ActiveCfg = Release|Any CPU
		{47BC2032-758B-4240-BB1D-A32EDA0D407B}.Release|Windows-x86.Build.0 = Release|Any CPU
		{EF5B9A06-1B64-4EC9-B84F-753ADDDFBFD3}.Debug|Android.ActiveCfg = Debug|Any CPU
		{EF5B9A06-1B64-4EC9-B84F-753ADDDFBFD3}.Debug|Android.Build.0 = Debug|Any CPU
		{EF5B9A06-1B64-4EC9-B84F-753ADDDFBFD3}.Debug|Any CPU.ActiveCfg = Debug|Any CPU
		{EF5B9A06-1B64-4EC9-B84F-753ADDDFBFD3}.Debug|Any CPU.Build.0 = Debug|Any CPU
		{EF5B9A06-1B64-4EC9-B84F-753ADDDFBFD3}.Debug|iOS.ActiveCfg = Debug|Any CPU
		{EF5B9A06-1B64-4EC9-B84F-753ADDDFBFD3}.Debug|iOS.Build.0 = Debug|Any CPU
		{EF5B9A06-1B64-4EC9-B84F-753ADDDFBFD3}.Debug|Windows Phone (Universal).ActiveCfg = Debug|Any CPU
		{EF5B9A06-1B64-4EC9-B84F-753ADDDFBFD3}.Debug|Windows Phone (Universal).Build.0 = Debug|Any CPU
		{EF5B9A06-1B64-4EC9-B84F-753ADDDFBFD3}.Debug|Windows Phone 8.ActiveCfg = Debug|Any CPU
		{EF5B9A06-1B64-4EC9-B84F-753ADDDFBFD3}.Debug|Windows Phone 8.Build.0 = Debug|Any CPU
		{EF5B9A06-1B64-4EC9-B84F-753ADDDFBFD3}.Debug|Windows-AnyCPU.ActiveCfg = Debug|Any CPU
		{EF5B9A06-1B64-4EC9-B84F-753ADDDFBFD3}.Debug|Windows-AnyCPU.Build.0 = Debug|Any CPU
		{EF5B9A06-1B64-4EC9-B84F-753ADDDFBFD3}.Debug|Windows-ARM.ActiveCfg = Debug|Any CPU
		{EF5B9A06-1B64-4EC9-B84F-753ADDDFBFD3}.Debug|Windows-ARM.Build.0 = Debug|Any CPU
		{EF5B9A06-1B64-4EC9-B84F-753ADDDFBFD3}.Debug|Windows-x64.ActiveCfg = Debug|Any CPU
		{EF5B9A06-1B64-4EC9-B84F-753ADDDFBFD3}.Debug|Windows-x64.Build.0 = Debug|Any CPU
		{EF5B9A06-1B64-4EC9-B84F-753ADDDFBFD3}.Debug|Windows-x86.ActiveCfg = Debug|Any CPU
		{EF5B9A06-1B64-4EC9-B84F-753ADDDFBFD3}.Debug|Windows-x86.Build.0 = Debug|Any CPU
		{EF5B9A06-1B64-4EC9-B84F-753ADDDFBFD3}.Release|Android.ActiveCfg = Release|Any CPU
		{EF5B9A06-1B64-4EC9-B84F-753ADDDFBFD3}.Release|Android.Build.0 = Release|Any CPU
		{EF5B9A06-1B64-4EC9-B84F-753ADDDFBFD3}.Release|Any CPU.ActiveCfg = Release|Any CPU
		{EF5B9A06-1B64-4EC9-B84F-753ADDDFBFD3}.Release|Any CPU.Build.0 = Release|Any CPU
		{EF5B9A06-1B64-4EC9-B84F-753ADDDFBFD3}.Release|iOS.ActiveCfg = Release|Any CPU
		{EF5B9A06-1B64-4EC9-B84F-753ADDDFBFD3}.Release|iOS.Build.0 = Release|Any CPU
		{EF5B9A06-1B64-4EC9-B84F-753ADDDFBFD3}.Release|Windows Phone (Universal).ActiveCfg = Release|Any CPU
		{EF5B9A06-1B64-4EC9-B84F-753ADDDFBFD3}.Release|Windows Phone (Universal).Build.0 = Release|Any CPU
		{EF5B9A06-1B64-4EC9-B84F-753ADDDFBFD3}.Release|Windows Phone 8.ActiveCfg = Release|Any CPU
		{EF5B9A06-1B64-4EC9-B84F-753ADDDFBFD3}.Release|Windows Phone 8.Build.0 = Release|Any CPU
		{EF5B9A06-1B64-4EC9-B84F-753ADDDFBFD3}.Release|Windows-AnyCPU.ActiveCfg = Release|Any CPU
		{EF5B9A06-1B64-4EC9-B84F-753ADDDFBFD3}.Release|Windows-AnyCPU.Build.0 = Release|Any CPU
		{EF5B9A06-1B64-4EC9-B84F-753ADDDFBFD3}.Release|Windows-ARM.ActiveCfg = Release|Any CPU
		{EF5B9A06-1B64-4EC9-B84F-753ADDDFBFD3}.Release|Windows-ARM.Build.0 = Release|Any CPU
		{EF5B9A06-1B64-4EC9-B84F-753ADDDFBFD3}.Release|Windows-x64.ActiveCfg = Release|Any CPU
		{EF5B9A06-1B64-4EC9-B84F-753ADDDFBFD3}.Release|Windows-x64.Build.0 = Release|Any CPU
		{EF5B9A06-1B64-4EC9-B84F-753ADDDFBFD3}.Release|Windows-x86.ActiveCfg = Release|Any CPU
		{EF5B9A06-1B64-4EC9-B84F-753ADDDFBFD3}.Release|Windows-x86.Build.0 = Release|Any CPU
		{8900AFEF-ED80-4902-BEA4-AED283B557D0}.Debug|Android.ActiveCfg = Debug|Any CPU
		{8900AFEF-ED80-4902-BEA4-AED283B557D0}.Debug|Android.Build.0 = Debug|Any CPU
		{8900AFEF-ED80-4902-BEA4-AED283B557D0}.Debug|Any CPU.ActiveCfg = Debug|Any CPU
		{8900AFEF-ED80-4902-BEA4-AED283B557D0}.Debug|Any CPU.Build.0 = Debug|Any CPU
		{8900AFEF-ED80-4902-BEA4-AED283B557D0}.Debug|iOS.ActiveCfg = Debug|Any CPU
		{8900AFEF-ED80-4902-BEA4-AED283B557D0}.Debug|iOS.Build.0 = Debug|Any CPU
		{8900AFEF-ED80-4902-BEA4-AED283B557D0}.Debug|Windows Phone (Universal).ActiveCfg = Debug|Any CPU
		{8900AFEF-ED80-4902-BEA4-AED283B557D0}.Debug|Windows Phone (Universal).Build.0 = Debug|Any CPU
		{8900AFEF-ED80-4902-BEA4-AED283B557D0}.Debug|Windows Phone 8.ActiveCfg = Debug|Any CPU
		{8900AFEF-ED80-4902-BEA4-AED283B557D0}.Debug|Windows Phone 8.Build.0 = Debug|Any CPU
		{8900AFEF-ED80-4902-BEA4-AED283B557D0}.Debug|Windows-AnyCPU.ActiveCfg = Debug|Any CPU
		{8900AFEF-ED80-4902-BEA4-AED283B557D0}.Debug|Windows-AnyCPU.Build.0 = Debug|Any CPU
		{8900AFEF-ED80-4902-BEA4-AED283B557D0}.Debug|Windows-ARM.ActiveCfg = Debug|Any CPU
		{8900AFEF-ED80-4902-BEA4-AED283B557D0}.Debug|Windows-ARM.Build.0 = Debug|Any CPU
		{8900AFEF-ED80-4902-BEA4-AED283B557D0}.Debug|Windows-x64.ActiveCfg = Debug|Any CPU
		{8900AFEF-ED80-4902-BEA4-AED283B557D0}.Debug|Windows-x64.Build.0 = Debug|Any CPU
		{8900AFEF-ED80-4902-BEA4-AED283B557D0}.Debug|Windows-x86.ActiveCfg = Debug|Any CPU
		{8900AFEF-ED80-4902-BEA4-AED283B557D0}.Debug|Windows-x86.Build.0 = Debug|Any CPU
		{8900AFEF-ED80-4902-BEA4-AED283B557D0}.Release|Android.ActiveCfg = Release|Any CPU
		{8900AFEF-ED80-4902-BEA4-AED283B557D0}.Release|Android.Build.0 = Release|Any CPU
		{8900AFEF-ED80-4902-BEA4-AED283B557D0}.Release|Any CPU.ActiveCfg = Release|Any CPU
		{8900AFEF-ED80-4902-BEA4-AED283B557D0}.Release|Any CPU.Build.0 = Release|Any CPU
		{8900AFEF-ED80-4902-BEA4-AED283B557D0}.Release|iOS.ActiveCfg = Release|Any CPU
		{8900AFEF-ED80-4902-BEA4-AED283B557D0}.Release|iOS.Build.0 = Release|Any CPU
		{8900AFEF-ED80-4902-BEA4-AED283B557D0}.Release|Windows Phone (Universal).ActiveCfg = Release|Any CPU
		{8900AFEF-ED80-4902-BEA4-AED283B557D0}.Release|Windows Phone (Universal).Build.0 = Release|Any CPU
		{8900AFEF-ED80-4902-BEA4-AED283B557D0}.Release|Windows Phone 8.ActiveCfg = Release|Any CPU
		{8900AFEF-ED80-4902-BEA4-AED283B557D0}.Release|Windows Phone 8.Build.0 = Release|Any CPU
		{8900AFEF-ED80-4902-BEA4-AED283B557D0}.Release|Windows-AnyCPU.ActiveCfg = Release|Any CPU
		{8900AFEF-ED80-4902-BEA4-AED283B557D0}.Release|Windows-AnyCPU.Build.0 = Release|Any CPU
		{8900AFEF-ED80-4902-BEA4-AED283B557D0}.Release|Windows-ARM.ActiveCfg = Release|Any CPU
		{8900AFEF-ED80-4902-BEA4-AED283B557D0}.Release|Windows-ARM.Build.0 = Release|Any CPU
		{8900AFEF-ED80-4902-BEA4-AED283B557D0}.Release|Windows-x64.ActiveCfg = Release|Any CPU
		{8900AFEF-ED80-4902-BEA4-AED283B557D0}.Release|Windows-x64.Build.0 = Release|Any CPU
		{8900AFEF-ED80-4902-BEA4-AED283B557D0}.Release|Windows-x86.ActiveCfg = Release|Any CPU
		{8900AFEF-ED80-4902-BEA4-AED283B557D0}.Release|Windows-x86.Build.0 = Release|Any CPU
		{2385DDEC-E58A-47B4-A6F5-617D435AC268}.Debug|Android.ActiveCfg = Debug|Android
		{2385DDEC-E58A-47B4-A6F5-617D435AC268}.Debug|Android.Build.0 = Debug|Android
		{2385DDEC-E58A-47B4-A6F5-617D435AC268}.Debug|Android.Deploy.0 = Debug|Android
		{2385DDEC-E58A-47B4-A6F5-617D435AC268}.Debug|Any CPU.ActiveCfg = Debug|Android
		{2385DDEC-E58A-47B4-A6F5-617D435AC268}.Debug|iOS.ActiveCfg = Debug|iOS
		{2385DDEC-E58A-47B4-A6F5-617D435AC268}.Debug|iOS.Build.0 = Debug|iOS
		{2385DDEC-E58A-47B4-A6F5-617D435AC268}.Debug|iOS.Deploy.0 = Debug|iOS
		{2385DDEC-E58A-47B4-A6F5-617D435AC268}.Debug|Windows Phone (Universal).ActiveCfg = Debug|Windows Phone (Universal)
		{2385DDEC-E58A-47B4-A6F5-617D435AC268}.Debug|Windows Phone (Universal).Build.0 = Debug|Windows Phone (Universal)
		{2385DDEC-E58A-47B4-A6F5-617D435AC268}.Debug|Windows Phone (Universal).Deploy.0 = Debug|Windows Phone (Universal)
		{2385DDEC-E58A-47B4-A6F5-617D435AC268}.Debug|Windows Phone 8.ActiveCfg = Debug|Windows Phone 8
		{2385DDEC-E58A-47B4-A6F5-617D435AC268}.Debug|Windows Phone 8.Build.0 = Debug|Windows Phone 8
		{2385DDEC-E58A-47B4-A6F5-617D435AC268}.Debug|Windows Phone 8.Deploy.0 = Debug|Windows Phone 8
		{2385DDEC-E58A-47B4-A6F5-617D435AC268}.Debug|Windows-AnyCPU.ActiveCfg = Debug|Windows-AnyCPU
		{2385DDEC-E58A-47B4-A6F5-617D435AC268}.Debug|Windows-AnyCPU.Build.0 = Debug|Windows-AnyCPU
		{2385DDEC-E58A-47B4-A6F5-617D435AC268}.Debug|Windows-AnyCPU.Deploy.0 = Debug|Windows-AnyCPU
		{2385DDEC-E58A-47B4-A6F5-617D435AC268}.Debug|Windows-ARM.ActiveCfg = Debug|Windows-ARM
		{2385DDEC-E58A-47B4-A6F5-617D435AC268}.Debug|Windows-ARM.Build.0 = Debug|Windows-ARM
		{2385DDEC-E58A-47B4-A6F5-617D435AC268}.Debug|Windows-ARM.Deploy.0 = Debug|Windows-ARM
		{2385DDEC-E58A-47B4-A6F5-617D435AC268}.Debug|Windows-x64.ActiveCfg = Debug|Windows-x64
		{2385DDEC-E58A-47B4-A6F5-617D435AC268}.Debug|Windows-x64.Build.0 = Debug|Windows-x64
		{2385DDEC-E58A-47B4-A6F5-617D435AC268}.Debug|Windows-x64.Deploy.0 = Debug|Windows-x64
		{2385DDEC-E58A-47B4-A6F5-617D435AC268}.Debug|Windows-x86.ActiveCfg = Debug|Windows-x86
		{2385DDEC-E58A-47B4-A6F5-617D435AC268}.Debug|Windows-x86.Build.0 = Debug|Windows-x86
		{2385DDEC-E58A-47B4-A6F5-617D435AC268}.Debug|Windows-x86.Deploy.0 = Debug|Windows-x86
		{2385DDEC-E58A-47B4-A6F5-617D435AC268}.Release|Android.ActiveCfg = Release|Android
		{2385DDEC-E58A-47B4-A6F5-617D435AC268}.Release|Android.Build.0 = Release|Android
		{2385DDEC-E58A-47B4-A6F5-617D435AC268}.Release|Android.Deploy.0 = Release|Android
		{2385DDEC-E58A-47B4-A6F5-617D435AC268}.Release|Any CPU.ActiveCfg = Release|Android
		{2385DDEC-E58A-47B4-A6F5-617D435AC268}.Release|iOS.ActiveCfg = Release|iOS
		{2385DDEC-E58A-47B4-A6F5-617D435AC268}.Release|iOS.Build.0 = Release|iOS
		{2385DDEC-E58A-47B4-A6F5-617D435AC268}.Release|iOS.Deploy.0 = Release|iOS
		{2385DDEC-E58A-47B4-A6F5-617D435AC268}.Release|Windows Phone (Universal).ActiveCfg = Release|Windows Phone (Universal)
		{2385DDEC-E58A-47B4-A6F5-617D435AC268}.Release|Windows Phone (Universal).Build.0 = Release|Windows Phone (Universal)
		{2385DDEC-E58A-47B4-A6F5-617D435AC268}.Release|Windows Phone (Universal).Deploy.0 = Release|Windows Phone (Universal)
		{2385DDEC-E58A-47B4-A6F5-617D435AC268}.Release|Windows Phone 8.ActiveCfg = Release|Windows Phone 8
		{2385DDEC-E58A-47B4-A6F5-617D435AC268}.Release|Windows Phone 8.Build.0 = Release|Windows Phone 8
		{2385DDEC-E58A-47B4-A6F5-617D435AC268}.Release|Windows Phone 8.Deploy.0 = Release|Windows Phone 8
		{2385DDEC-E58A-47B4-A6F5-617D435AC268}.Release|Windows-AnyCPU.ActiveCfg = Release|Windows-AnyCPU
		{2385DDEC-E58A-47B4-A6F5-617D435AC268}.Release|Windows-AnyCPU.Build.0 = Release|Windows-AnyCPU
		{2385DDEC-E58A-47B4-A6F5-617D435AC268}.Release|Windows-AnyCPU.Deploy.0 = Release|Windows-AnyCPU
		{2385DDEC-E58A-47B4-A6F5-617D435AC268}.Release|Windows-ARM.ActiveCfg = Release|Windows-ARM
		{2385DDEC-E58A-47B4-A6F5-617D435AC268}.Release|Windows-ARM.Build.0 = Release|Windows-ARM
		{2385DDEC-E58A-47B4-A6F5-617D435AC268}.Release|Windows-ARM.Deploy.0 = Release|Windows-ARM
		{2385DDEC-E58A-47B4-A6F5-617D435AC268}.Release|Windows-x64.ActiveCfg = Release|Windows-x64
		{2385DDEC-E58A-47B4-A6F5-617D435AC268}.Release|Windows-x64.Build.0 = Release|Windows-x64
		{2385DDEC-E58A-47B4-A6F5-617D435AC268}.Release|Windows-x64.Deploy.0 = Release|Windows-x64
		{2385DDEC-E58A-47B4-A6F5-617D435AC268}.Release|Windows-x86.ActiveCfg = Release|Windows-x86
		{2385DDEC-E58A-47B4-A6F5-617D435AC268}.Release|Windows-x86.Build.0 = Release|Windows-x86
		{2385DDEC-E58A-47B4-A6F5-617D435AC268}.Release|Windows-x86.Deploy.0 = Release|Windows-x86
	EndGlobalSection
	GlobalSection(SolutionProperties) = preSolution
		HideSolutionNode = FALSE
	EndGlobalSection
EndGlobal
